
Microsoft Visual Studio Solution File, Format Version 12.00
# Visual Studio Version 17
VisualStudioVersion = 17.4.33205.214
MinimumVisualStudioVersion = 10.0.40219.1
Project("{FAE04EC0-301F-11D3-BF4B-00C04F79EFBC}") = "GB_HW7th", "GB_HW7th.csproj", "{0E6706F4-0D18-4AB6-A4FB-67002FCFE282}"
EndProject
Global
	GlobalSection(SolutionConfigurationPlatforms) = preSolution
		Debug|Any CPU = Debug|Any CPU
		Release|Any CPU = Release|Any CPU
	EndGlobalSection
	GlobalSection(ProjectConfigurationPlatforms) = postSolution
		{0E6706F4-0D18-4AB6-A4FB-67002FCFE282}.Debug|Any CPU.ActiveCfg = Debug|Any CPU
		{0E6706F4-0D18-4AB6-A4FB-67002FCFE282}.Debug|Any CPU.Build.0 = Debug|Any CPU
		{0E6706F4-0D18-4AB6-A4FB-67002FCFE282}.Release|Any CPU.ActiveCfg = Release|Any CPU
		{0E6706F4-0D18-4AB6-A4FB-67002FCFE282}.Release|Any CPU.Build.0 = Release|Any CPU
	EndGlobalSection
	GlobalSection(SolutionProperties) = preSolution
		HideSolutionNode = FALSE
	EndGlobalSection
	GlobalSection(ExtensibilityGlobals) = postSolution
		SolutionGuid = {390B25B1-4360-42B9-A2D9-F0A2D2B52299}
	EndGlobalSection
EndGlobal
